
Microsoft Visual Studio Solution File, Format Version 12.00
# Visual Studio Version 17
VisualStudioVersion = 17.8.34511.84
MinimumVisualStudioVersion = 10.0.40219.1
Project("{FAE04EC0-301F-11D3-BF4B-00C04F79EFBC}") = "Lab6Serialization", "Lab6Serialization.csproj", "{EC9957AD-966D-4AB7-8A97-742DA3AC4329}"
EndProject
Global
	GlobalSection(SolutionConfigurationPlatforms) = preSolution
		Debug|Any CPU = Debug|Any CPU
		Release|Any CPU = Release|Any CPU
	EndGlobalSection
	GlobalSection(ProjectConfigurationPlatforms) = postSolution
		{EC9957AD-966D-4AB7-8A97-742DA3AC4329}.Debug|Any CPU.ActiveCfg = Debug|Any CPU
		{EC9957AD-966D-4AB7-8A97-742DA3AC4329}.Debug|Any CPU.Build.0 = Debug|Any CPU
		{EC9957AD-966D-4AB7-8A97-742DA3AC4329}.Release|Any CPU.ActiveCfg = Release|Any CPU
		{EC9957AD-966D-4AB7-8A97-742DA3AC4329}.Release|Any CPU.Build.0 = Release|Any CPU
	EndGlobalSection
	GlobalSection(SolutionProperties) = preSolution
		HideSolutionNode = FALSE
	EndGlobalSection
	GlobalSection(ExtensibilityGlobals) = postSolution
		SolutionGuid = {9E0D4829-A179-4E44-97BA-968DB9EBA3C5}
	EndGlobalSection
EndGlobal
